
Microsoft Visual Studio Solution File, Format Version 12.00
# Visual Studio Version 17
VisualStudioVersion = 17.11.35327.3
MinimumVisualStudioVersion = 10.0.40219.1
Project("{8BC9CEB8-8B4A-11D0-8D11-00A0C91BC942}") = "Решение уравнений. Метод половинного деления", "Решение уравнений. Метод половинного деления\Решение уравнений. Метод половинного деления.vcxproj", "{C599832D-855D-4FBE-8858-5E5230346631}"
EndProject
Global
	GlobalSection(SolutionConfigurationPlatforms) = preSolution
		Debug|x64 = Debug|x64
		Debug|x86 = Debug|x86
		Release|x64 = Release|x64
		Release|x86 = Release|x86
	EndGlobalSection
	GlobalSection(ProjectConfigurationPlatforms) = postSolution
		{C599832D-855D-4FBE-8858-5E5230346631}.Debug|x64.ActiveCfg = Debug|x64
		{C599832D-855D-4FBE-8858-5E5230346631}.Debug|x64.Build.0 = Debug|x64
		{C599832D-855D-4FBE-8858-5E5230346631}.Debug|x86.ActiveCfg = Debug|Win32
		{C599832D-855D-4FBE-8858-5E5230346631}.Debug|x86.Build.0 = Debug|Win32
		{C599832D-855D-4FBE-8858-5E5230346631}.Release|x64.ActiveCfg = Release|x64
		{C599832D-855D-4FBE-8858-5E5230346631}.Release|x64.Build.0 = Release|x64
		{C599832D-855D-4FBE-8858-5E5230346631}.Release|x86.ActiveCfg = Release|Win32
		{C599832D-855D-4FBE-8858-5E5230346631}.Release|x86.Build.0 = Release|Win32
	EndGlobalSection
	GlobalSection(SolutionProperties) = preSolution
		HideSolutionNode = FALSE
	EndGlobalSection
	GlobalSection(ExtensibilityGlobals) = postSolution
		SolutionGuid = {2720F0F3-737A-4F93-A109-ADE8ECF21D81}
	EndGlobalSection
EndGlobal
